Microsoft Visual Studio Solution File, Format Version 12.00
# Visual Studio Version 17
VisualStudioVersion = 17.5.2.0
MinimumVisualStudioVersion = 10.0.40219.1
Project("{2150E333-8FDC-42A3-9474-1A3956D46DE8}") = "src", "src", "{827E0CD3-B72D-47B6-A68D-7590B98EB39B}"
EndProject
Project("{FAE04EC0-301F-11D3-BF4B-00C04F79EFBC}") = "CanonPoint.App", "src\CanonPoint.App\CanonPoint.App.csproj", "{ACD2096A-6892-F405-C441-C2BEFFD2BA97}"
EndProject
Project("{FAE04EC0-301F-11D3-BF4B-00C04F79EFBC}") = "CanonPoint.App.Tests", "tests\CanonPoint.App.Tests\CanonPoint.App.Tests.csproj", "{9DB6C4C5-5FE5-4A3E-8D78-0A5D5D3D31CB}"
EndProject
Global
	GlobalSection(SolutionConfigurationPlatforms) = preSolution
		Debug|Any CPU = Debug|Any CPU
		Release|Any CPU = Release|Any CPU
	EndGlobalSection
	GlobalSection(ProjectConfigurationPlatforms) = postSolution
		{ACD2096A-6892-F405-C441-C2BEFFD2BA97}.Debug|Any CPU.ActiveCfg = Debug|Any CPU
		{ACD2096A-6892-F405-C441-C2BEFFD2BA97}.Debug|Any CPU.Build.0 = Debug|Any CPU
		{ACD2096A-6892-F405-C441-C2BEFFD2BA97}.Release|Any CPU.ActiveCfg = Release|Any CPU
		{ACD2096A-6892-F405-C441-C2BEFFD2BA97}.Release|Any CPU.Build.0 = Release|Any CPU
		{9DB6C4C5-5FE5-4A3E-8D78-0A5D5D3D31CB}.Debug|Any CPU.ActiveCfg = Debug|Any CPU
		{9DB6C4C5-5FE5-4A3E-8D78-0A5D5D3D31CB}.Debug|Any CPU.Build.0 = Debug|Any CPU
		{9DB6C4C5-5FE5-4A3E-8D78-0A5D5D3D31CB}.Release|Any CPU.ActiveCfg = Release|Any CPU
		{9DB6C4C5-5FE5-4A3E-8D78-0A5D5D3D31CB}.Release|Any CPU.Build.0 = Release|Any CPU
	EndGlobalSection
	GlobalSection(SolutionProperties) = preSolution
		HideSolutionNode = FALSE
	EndGlobalSection
	GlobalSection(NestedProjects) = preSolution
		{ACD2096A-6892-F405-C441-C2BEFFD2BA97} = {827E0CD3-B72D-47B6-A68D-7590B98EB39B}
		{9DB6C4C5-5FE5-4A3E-8D78-0A5D5D3D31CB} = {827E0CD3-B72D-47B6-A68D-7590B98EB39B}
	EndGlobalSection
	GlobalSection(ExtensibilityGlobals) = postSolution
		SolutionGuid = {75A5DE4F-4BDD-4BB3-AE7E-FAB7130BD369}
	EndGlobalSection
EndGlobal
